
Microsoft Visual Studio Solution File, Format Version 12.00
# Visual Studio 15
VisualStudioVersion = 15.0.28307.271
MinimumVisualStudioVersion = 10.0.40219.1
Project("{FAE04EC0-301F-11D3-BF4B-00C04F79EFBC}") = "CodefluxNews", "CodefluxNews\CodefluxNews.csproj", "{15464A2B-DB8D-4031-805B-9C8EF7908812}"
EndProject
Global
	GlobalSection(SolutionConfigurationPlatforms) = preSolution
		Debug|Any CPU = Debug|Any CPU
		Release|Any CPU = Release|Any CPU
	EndGlobalSection
	GlobalSection(ProjectConfigurationPlatforms) = postSolution
		{15464A2B-DB8D-4031-805B-9C8EF7908812}.Debug|Any CPU.ActiveCfg = Debug|Any CPU
		{15464A2B-DB8D-4031-805B-9C8EF7908812}.Debug|Any CPU.Build.0 = Debug|Any CPU
		{15464A2B-DB8D-4031-805B-9C8EF7908812}.Release|Any CPU.ActiveCfg = Release|Any CPU
		{15464A2B-DB8D-4031-805B-9C8EF7908812}.Release|Any CPU.Build.0 = Release|Any CPU
	EndGlobalSection
	GlobalSection(SolutionProperties) = preSolution
		HideSolutionNode = FALSE
	EndGlobalSection
	GlobalSection(ExtensibilityGlobals) = postSolution
		SolutionGuid = {F401BC1C-EC34-47DF-9D51-EF08C699BF5D}
	EndGlobalSection
EndGlobal
